{"1.2.0",
[{<<"eini">>,{pkg,<<"eini">>,<<"1.2.4">>},0},
 {<<"jsx">>,{pkg,<<"jsx">>,<<"2.8.0">>},0},
 {<<"lhttpc">>,{pkg,<<"lhttpc">>,<<"1.4.0">>},0}]}.
[
{pkg_hash,[
 {<<"eini">>, <<"ABD64A0533398A6D714D21219BB85F2D41FDB42665AC4080939B7BFA8E55F386">>},
 {<<"jsx">>, <<"749BEC6D205C694AE1786D62CEA6CC45A390437E24835FD16D12D74F07097727">>},
 {<<"lhttpc">>, <<"61760AFEC1DDB98E47972BE93B13FBFF487A63D65B91A02C41122A0ADF83DA38">>}]},
{pkg_hash_ext,[
 {<<"eini">>, <<"6A5F2A2260CE76DB87981C0F93B4B6875051993934DE894A71E87E54F069BB7E">>},
 {<<"jsx">>, <<"A8BA15D5BAC2C48B2BE1224A0542AD794538D79E2CC16841A4E24CA75F0F8378">>},
 {<<"lhttpc">>, <<"26D5A12B63FEDB3E862A816A472258007DC1E85B75A9BCDB0223425E39827777">>}]}
].
